// !$*UTF8*$!
{
	archiveVersion = 1;
	classes = {
	};
	objectVersion = 46;
	objects = {

/* Begin PBXBuildFile section */
		2750C3C71C58CF0A006ADC07 /* AppDelegate.swift in Sources */ = {isa = PBXBuildFile; fileRef = 2750C3C61C58CF0A006ADC07 /* AppDelegate.swift */; };
		2750C3C91C58CF0A006ADC07 /* TravelLocationMapViewController.swift in Sources */ = {isa = PBXBuildFile; fileRef = 2750C3C81C58CF0A006ADC07 /* TravelLocationMapViewController.swift */; };
		2750C3CC1C58CF0A006ADC07 /* Main.storyboard in Resources */ = {isa = PBXBuildFile; fileRef = 2750C3CA1C58CF0A006ADC07 /* Main.storyboard */; };
		2750C3CE1C58CF0B006ADC07 /* Assets.xcassets in Resources */ = {isa = PBXBuildFile; fileRef = 2750C3CD1C58CF0B006ADC07 /* Assets.xcassets */; };
		2750C3D11C58CF0B006ADC07 /* LaunchScreen.storyboard in Resources */ = {isa = PBXBuildFile; fileRef = 2750C3CF1C58CF0B006ADC07 /* LaunchScreen.storyboard */; };
		2750C3DC1C58CF0B006ADC07 /* Virtual_TouristTests.swift in Sources */ = {isa = PBXBuildFile; fileRef = 2750C3DB1C58CF0B006ADC07 /* Virtual_TouristTests.swift */; };
		2750C3E71C58CF0B006ADC07 /* Virtual_TouristUITests.swift in Sources */ = {isa = PBXBuildFile; fileRef = 2750C3E61C58CF0B006ADC07 /* Virtual_TouristUITests.swift */; };
		2750C3F51C58D330006ADC07 /* Pin.swift in Sources */ = {isa = PBXBuildFile; fileRef = 2750C3F41C58D330006ADC07 /* Pin.swift */; };
		2750C3F71C58D8C8006ADC07 /* Photo.swift in Sources */ = {isa = PBXBuildFile; fileRef = 2750C3F61C58D8C8006ADC07 /* Photo.swift */; };
		2750C3F91C58DBB6006ADC07 /* CoreDataStackManager.swift in Sources */ = {isa = PBXBuildFile; fileRef = 2750C3F81C58DBB6006ADC07 /* CoreDataStackManager.swift */; };
		2750C3FC1C58DDAC006ADC07 /* Model.xcdatamodeld in Sources */ = {isa = PBXBuildFile; fileRef = 2750C3FA1C58DDAC006ADC07 /* Model.xcdatamodeld */; };
		2750C3FE1C591ACF006ADC07 /* PhotoAlbumViewController.swift in Sources */ = {isa = PBXBuildFile; fileRef = 2750C3FD1C591ACE006ADC07 /* PhotoAlbumViewController.swift */; };
		2750C4001C5949D6006ADC07 /* FlickrClient.swift in Sources */ = {isa = PBXBuildFile; fileRef = 2750C3FF1C5949D6006ADC07 /* FlickrClient.swift */; };
		2750C4021C594AC4006ADC07 /* FlickrConstants.swift in Sources */ = {isa = PBXBuildFile; fileRef = 2750C4011C594AC4006ADC07 /* FlickrConstants.swift */; };
		2750C4041C5950D8006ADC07 /* FlickrConvenience.swift in Sources */ = {isa = PBXBuildFile; fileRef = 2750C4031C5950D8006ADC07 /* FlickrConvenience.swift */; };
		2750C4061C596546006ADC07 /* PhotoAlbumCollectionViewCell.swift in Sources */ = {isa = PBXBuildFile; fileRef = 2750C4051C596546006ADC07 /* PhotoAlbumCollectionViewCell.swift */; };
		2751F3371C5B8029007736DE /* DetailPhotoViewController.swift in Sources */ = {isa = PBXBuildFile; fileRef = 2751F3361C5B8029007736DE /* DetailPhotoViewController.swift */; };
		2751F3391C5B9CE2007736DE /* ImageCache.swift in Sources */ = {isa = PBXBuildFile; fileRef = 2751F3381C5B9CE1007736DE /* ImageCache.swift */; };
/* End PBXBuildFile section */

/* Begin PBXContainerItemProxy section */
		2750C3D81C58CF0B006ADC07 /* PBXContainerItemProxy */ = {
			isa = PBXContainerItemProxy;
			containerPortal = 2750C3BB1C58CF0A006ADC07 /* Project object */;
			proxyType = 1;
			remoteGlobalIDString = 2750C3C21C58CF0A006ADC07;
			remoteInfo = "Virtual Tourist";
		};
		2750C3E31C58CF0B006ADC07 /* PBXContainerItemProxy */ = {
			isa = PBXContainerItemProxy;
			containerPortal = 2750C3BB1C58CF0A006ADC07 /* Project object */;
			proxyType = 1;
			remoteGlobalIDString = 2750C3C21C58CF0A006ADC07;
			remoteInfo = "Virtual Tourist";
		};
/* End PBXContainerItemProxy section */

/* Begin PBXFileReference section */
		2750C3C31C58CF0A006ADC07 /* Virtual Tourist.app */ = {isa = PBXFileReference; explicitFileType = wrapper.application; includeInIndex = 0; path = "Virtual Tourist.app"; sourceTree = BUILT_PRODUCTS_DIR; };
		2750C3C61C58CF0A006ADC07 /* AppDelegate.swift */ = {isa = PBXFileReference; lastKnownFileType = sourcecode.swift; path = AppDelegate.swift; sourceTree = "<group>"; };
		2750C3C81C58CF0A006ADC07 /* TravelLocationMapViewController.swift */ = {isa = PBXFileReference; lastKnownFileType = sourcecode.swift; path = TravelLocationMapViewController.swift; sourceTree = "<group>"; };
		2750C3CB1C58CF0A006ADC07 /* Base */ = {isa = PBXFileReference; lastKnownFileType = file.storyboard; name = Base; path = Base.lproj/Main.storyboard; sourceTree = "<group>"; };
		2750C3CD1C58CF0B006ADC07 /* Assets.xcassets */ = {isa = PBXFileReference; lastKnownFileType = folder.assetcatalog; path = Assets.xcassets; sourceTree = "<group>"; };
		2750C3D01C58CF0B006ADC07 /* Base */ = {isa = PBXFileReference; lastKnownFileType = file.storyboard; name = Base; path = Base.lproj/LaunchScreen.storyboard; sourceTree = "<group>"; };
		2750C3D21C58CF0B006ADC07 /* Info.plist */ = {isa = PBXFileReference; lastKnownFileType = text.plist.xml; path = Info.plist; sourceTree = "<group>"; };
		2750C3D71C58CF0B006ADC07 /* Virtual TouristTests.xctest */ = {isa = PBXFileReference; explicitFileType = wrapper.cfbundle; includeInIndex = 0; path = "Virtual TouristTests.xctest"; sourceTree = BUILT_PRODUCTS_DIR; };
		2750C3DB1C58CF0B006ADC07 /* Virtual_TouristTests.swift */ = {isa = PBXFileReference; lastKnownFileType = sourcecode.swift; path = Virtual_TouristTests.swift; sourceTree = "<group>"; };
		2750C3DD1C58CF0B006ADC07 /* Info.plist */ = {isa = PBXFileReference; lastKnownFileType = text.plist.xml; path = Info.plist; sourceTree = "<group>"; };
		2750C3E21C58CF0B006ADC07 /* Virtual TouristUITests.xctest */ = {isa = PBXFileReference; explicitFileType = wrapper.cfbundle; includeInIndex = 0; path = "Virtual TouristUITests.xctest"; sourceTree = BUILT_PRODUCTS_DIR; };
		2750C3E61C58CF0B006ADC07 /* Virtual_TouristUITests.swift */ = {isa = PBXFileReference; lastKnownFileType = sourcecode.swift; path = Virtual_TouristUITests.swift; sourceTree = "<group>"; };
		2750C3E81C58CF0B006ADC07 /* Info.plist */ = {isa = PBXFileReference; lastKnownFileType = text.plist.xml; path = Info.plist; sourceTree = "<group>"; };
		2750C3F41C58D330006ADC07 /* Pin.swift */ = {isa = PBXFileReference; fileEncoding = 4; lastKnownFileType = sourcecode.swift; path = Pin.swift; sourceTree = "<group>"; };
		2750C3F61C58D8C8006ADC07 /* Photo.swift */ = {isa = PBXFileReference; fileEncoding = 4; lastKnownFileType = sourcecode.swift; path = Photo.swift; sourceTree = "<group>"; };
		2750C3F81C58DBB6006ADC07 /* CoreDataStackManager.swift */ = {isa = PBXFileReference; fileEncoding = 4; lastKnownFileType = sourcecode.swift; path = CoreDataStackManager.swift; sourceTree = "<group>"; };
		2750C3FB1C58DDAC006ADC07 /* Model.xcdatamodel */ = {isa = PBXFileReference; lastKnownFileType = wrapper.xcdatamodel; path = Model.xcdatamodel; sourceTree = "<group>"; };
		2750C3FD1C591ACE006ADC07 /* PhotoAlbumViewController.swift */ = {isa = PBXFileReference; fileEncoding = 4; lastKnownFileType = sourcecode.swift; path = PhotoAlbumViewController.swift; sourceTree = "<group>"; };
		2750C3FF1C5949D6006ADC07 /* FlickrClient.swift */ = {isa = PBXFileReference; fileEncoding = 4; lastKnownFileType = sourcecode.swift; path = FlickrClient.swift; sourceTree = "<group>"; };
		2750C4011C594AC4006ADC07 /* FlickrConstants.swift */ = {isa = PBXFileReference; fileEncoding = 4; lastKnownFileType = sourcecode.swift; path = FlickrConstants.swift; sourceTree = "<group>"; };
		2750C4031C5950D8006ADC07 /* FlickrConvenience.swift */ = {isa = PBXFileReference; fileEncoding = 4; lastKnownFileType = sourcecode.swift; path = FlickrConvenience.swift; sourceTree = "<group>"; };
		2750C4051C596546006ADC07 /* PhotoAlbumCollectionViewCell.swift */ = {isa = PBXFileReference; fileEncoding = 4; lastKnownFileType = sourcecode.swift; path = PhotoAlbumCollectionViewCell.swift; sourceTree = "<group>"; };
		2751F3361C5B8029007736DE /* DetailPhotoViewController.swift */ = {isa = PBXFileReference; fileEncoding = 4; lastKnownFileType = sourcecode.swift; path = DetailPhotoViewController.swift; sourceTree = "<group>"; };
		2751F3381C5B9CE1007736DE /* ImageCache.swift */ = {isa = PBXFileReference; fileEncoding = 4; lastKnownFileType = sourcecode.swift; path = ImageCache.swift; sourceTree = "<group>"; };
/* End PBXFileReference section */

/* Begin PBXFrameworksBuildPhase section */
		2750C3C01C58CF0A006ADC07 /* Frameworks */ = {
			isa = PBXFrameworksBuildPhase;
			buildActionMask = 2147483647;
			files = (
			);
			runOnlyForDeploymentPostprocessing = 0;
		};
		2750C3D41C58CF0B006ADC07 /* Frameworks */ = {
			isa = PBXFrameworksBuildPhase;
			buildActionMask = 2147483647;
			files = (
			);
			runOnlyForDeploymentPostprocessing = 0;
		};
		2750C3DF1C58CF0B006ADC07 /* Frameworks */ = {
			isa = PBXFrameworksBuildPhase;
			buildActionMask = 2147483647;
			files = (
			);
			runOnlyForDeploymentPostprocessing = 0;
		};
/* End PBXFrameworksBuildPhase section */

/* Begin PBXGroup section */
		2750C3BA1C58CF0A006ADC07 = {
			isa = PBXGroup;
			children = (
				2750C3C51C58CF0A006ADC07 /* Virtual Tourist */,
				2750C3DA1C58CF0B006ADC07 /* Virtual TouristTests */,
				2750C3E51C58CF0B006ADC07 /* Virtual TouristUITests */,
				2750C3C41C58CF0A006ADC07 /* Products */,
			);
			sourceTree = "<group>";
		};
		2750C3C41C58CF0A006ADC07 /* Products */ = {
			isa = PBXGroup;
			children = (
				2750C3C31C58CF0A006ADC07 /* Virtual Tourist.app */,
				2750C3D71C58CF0B006ADC07 /* Virtual TouristTests.xctest */,
				2750C3E21C58CF0B006ADC07 /* Virtual TouristUITests.xctest */,
			);
			name = Products;
			sourceTree = "<group>";
		};
		2750C3C51C58CF0A006ADC07 /* Virtual Tourist */ = {
			isa = PBXGroup;
			children = (
				2750C3C61C58CF0A006ADC07 /* AppDelegate.swift */,
				2750C3F81C58DBB6006ADC07 /* CoreDataStackManager.swift */,
				2751F3351C5B6750007736DE /* View */,
				2751F3341C5B6726007736DE /* Controller */,
				2751F3331C5B6714007736DE /* Model */,
				2750C3CA1C58CF0A006ADC07 /* Main.storyboard */,
				2750C3CD1C58CF0B006ADC07 /* Assets.xcassets */,
				2750C3CF1C58CF0B006ADC07 /* LaunchScreen.storyboard */,
				2750C3D21C58CF0B006ADC07 /* Info.plist */,
			);
			path = "Virtual Tourist";
			sourceTree = "<group>";
		};
		2750C3DA1C58CF0B006ADC07 /* Virtual TouristTests */ = {
			isa = PBXGroup;
			children = (
				2750C3DB1C58CF0B006ADC07 /* Virtual_TouristTests.swift */,
				2750C3DD1C58CF0B006ADC07 /* Info.plist */,
			);
			path = "Virtual TouristTests";
			sourceTree = "<group>";
		};
		2750C3E51C58CF0B006ADC07 /* Virtual TouristUITests */ = {
			isa = PBXGroup;
			children = (
				2750C3E61C58CF0B006ADC07 /* Virtual_TouristUITests.swift */,
				2750C3E81C58CF0B006ADC07 /* Info.plist */,
			);
			path = "Virtual TouristUITests";
			sourceTree = "<group>";
		};
		2751F3331C5B6714007736DE /* Model */ = {
			isa = PBXGroup;
			children = (
				2750C3FA1C58DDAC006ADC07 /* Model.xcdatamodeld */,
				2750C3F41C58D330006ADC07 /* Pin.swift */,
				2750C3F61C58D8C8006ADC07 /* Photo.swift */,
				2750C4011C594AC4006ADC07 /* FlickrConstants.swift */,
				2750C4031C5950D8006ADC07 /* FlickrConvenience.swift */,
				2750C3FF1C5949D6006ADC07 /* FlickrClient.swift */,
				2751F3381C5B9CE1007736DE /* ImageCache.swift */,
			);
			name = Model;
			sourceTree = "<group>";
		};
		2751F3341C5B6726007736DE /* Controller */ = {
			isa = PBXGroup;
			children = (
				2750C3FD1C591ACE006ADC07 /* PhotoAlbumViewController.swift */,
				2751F3361C5B8029007736DE /* DetailPhotoViewController.swift */,
				2750C3C81C58CF0A006ADC07 /* TravelLocationMapViewController.swift */,
			);
			name = Controller;
			sourceTree = "<group>";
		};
		2751F3351C5B6750007736DE /* View */ = {
			isa = PBXGroup;
			children = (
				2750C4051C596546006ADC07 /* PhotoAlbumCollectionViewCell.swift */,
			);
			name = View;
			sourceTree = "<group>";
		};
/* End PBXGroup section */

/* Begin PBXNativeTarget section */
		2750C3C21C58CF0A006ADC07 /* Virtual Tourist */ = {
			isa = PBXNativeTarget;
			buildConfigurationList = 2750C3EB1C58CF0B006ADC07 /* Build configuration list for PBXNativeTarget "Virtual Tourist" */;
			buildPhases = (
				2750C3BF1C58CF0A006ADC07 /* Sources */,
				2750C3C01C58CF0A006ADC07 /* Frameworks */,
				2750C3C11C58CF0A006ADC07 /* Resources */,
			);
			buildRules = (
			);
			dependencies = (
			);
			name = "Virtual Tourist";
			productName = "Virtual Tourist";
			productReference = 2750C3C31C58CF0A006ADC07 /* Virtual Tourist.app */;
			productType = "com.apple.product-type.application";
		};
		2750C3D61C58CF0B006ADC07 /* Virtual TouristTests */ = {
			isa = PBXNativeTarget;
			buildConfigurationList = 2750C3EE1C58CF0B006ADC07 /* Build configuration list for PBXNativeTarget "Virtual TouristTests" */;
			buildPhases = (
				2750C3D31C58CF0B006ADC07 /* Sources */,
				2750C3D41C58CF0B006ADC07 /* Frameworks */,
				2750C3D51C58CF0B006ADC07 /* Resources */,
			);
			buildRules = (
			);
			dependencies = (
				2750C3D91C58CF0B006ADC07 /* PBXTargetDependency */,
			);
			name = "Virtual TouristTests";
			productName = "Virtual TouristTests";
			productReference = 2750C3D71C58CF0B006ADC07 /* Virtual TouristTests.xctest */;
			productType = "com.apple.product-type.bundle.unit-test";
		};
		2750C3E11C58CF0B006ADC07 /* Virtual TouristUITests */ = {
			isa = PBXNativeTarget;
			buildConfigurationList = 2750C3F11C58CF0B006ADC07 /* Build configuration list for PBXNativeTarget "Virtual TouristUITests" */;
			buildPhases = (
				2750C3DE1C58CF0B006ADC07 /* Sources */,
				2750C3DF1C58CF0B006ADC07 /* Frameworks */,
				2750C3E01C58CF0B006ADC07 /* Resources */,
			);
			buildRules = (
			);
			dependencies = (
				2750C3E41C58CF0B006ADC07 /* PBXTargetDependency */,
			);
			name = "Virtual TouristUITests";
			productName = "Virtual TouristUITests";
			productReference = 2750C3E21C58CF0B006ADC07 /* Virtual TouristUITests.xctest */;
			productType = "com.apple.product-type.bundle.ui-testing";
		};
/* End PBXNativeTarget section */

/* Begin PBXProject section */
		2750C3BB1C58CF0A006ADC07 /* Project object */ = {
			isa = PBXProject;
			attributes = {
				LastSwiftUpdateCheck = 0720;
				LastUpgradeCheck = 0720;
				ORGANIZATIONNAME = Weng;
				TargetAttributes = {
					2750C3C21C58CF0A006ADC07 = {
						CreatedOnToolsVersion = 7.2;
						DevelopmentTeam = 9VNK258Y4A;
					};
					2750C3D61C58CF0B006ADC07 = {
						CreatedOnToolsVersion = 7.2;
						DevelopmentTeam = 9VNK258Y4A;
						TestTargetID = 2750C3C21C58CF0A006ADC07;
					};
					2750C3E11C58CF0B006ADC07 = {
						CreatedOnToolsVersion = 7.2;
						DevelopmentTeam = 9VNK258Y4A;
						TestTargetID = 2750C3C21C58CF0A006ADC07;
					};
				};
			};
			buildConfigurationList = 2750C3BE1C58CF0A006ADC07 /* Build configuration list for PBXProject "Virtual Tourist" */;
			compatibilityVersion = "Xcode 3.2";
			developmentRegion = English;
			hasScannedForEncodings = 0;
			knownRegions = (
				en,
				Base,
			);
			mainGroup = 2750C3BA1C58CF0A006ADC07;
			productRefGroup = 2750C3C41C58CF0A006ADC07 /* Products */;
			projectDirPath = "";
			projectRoot = "";
			targets = (
				2750C3C21C58CF0A006ADC07 /* Virtual Tourist */,
				2750C3D61C58CF0B006ADC07 /* Virtual TouristTests */,
				2750C3E11C58CF0B006ADC07 /* Virtual TouristUITests */,
			);
		};
/* End PBXProject section */

/* Begin PBXResourcesBuildPhase section */
		2750C3C11C58CF0A006ADC07 /* Resources */ = {
			isa = PBXResourcesBuildPhase;
			buildActionMask = 2147483647;
			files = (
				2750C3D11C58CF0B006ADC07 /* LaunchScreen.storyboard in Resources */,
				2750C3CE1C58CF0B006ADC07 /* Assets.xcassets in Resources */,
				2750C3CC1C58CF0A006ADC07 /* Main.storyboard in Resources */,
			);
			runOnlyForDeploymentPostprocessing = 0;
		};
		2750C3D51C58CF0B006ADC07 /* Resources */ = {
			isa = PBXResourcesBuildPhase;
			buildActionMask = 2147483647;
			files = (
			);
			runOnlyForDeploymentPostprocessing = 0;
		};
		2750C3E01C58CF0B006ADC07 /* Resources */ = {
			isa = PBXResourcesBuildPhase;
			buildActionMask = 2147483647;
			files = (
			);
			runOnlyForDeploymentPostprocessing = 0;
		};
/* End PBXResourcesBuildPhase section */

/* Begin PBXSourcesBuildPhase section */
		2750C3BF1C58CF0A006ADC07 /* Sources */ = {
			isa = PBXSourcesBuildPhase;
			buildActionMask = 2147483647;
			files = (
				2750C4061C596546006ADC07 /* PhotoAlbumCollectionViewCell.swift in Sources */,
				2751F3391C5B9CE2007736DE /* ImageCache.swift in Sources */,
				2750C3F71C58D8C8006ADC07 /* Photo.swift in Sources */,
				2750C4021C594AC4006ADC07 /* FlickrConstants.swift in Sources */,
				2750C3FE1C591ACF006ADC07 /* PhotoAlbumViewController.swift in Sources */,
				2750C3F51C58D330006ADC07 /* Pin.swift in Sources */,
				2750C3C91C58CF0A006ADC07 /* TravelLocationMapViewController.swift in Sources */,
				2751F3371C5B8029007736DE /* DetailPhotoViewController.swift in Sources */,
				2750C3F91C58DBB6006ADC07 /* CoreDataStackManager.swift in Sources */,
				2750C3C71C58CF0A006ADC07 /* AppDelegate.swift in Sources */,
				2750C3FC1C58DDAC006ADC07 /* Model.xcdatamodeld in Sources */,
				2750C4041C5950D8006ADC07 /* FlickrConvenience.swift in Sources */,
				2750C4001C5949D6006ADC07 /* FlickrClient.swift in Sources */,
			);
			runOnlyForDeploymentPostprocessing = 0;
		};
		2750C3D31C58CF0B006ADC07 /* Sources */ = {
			isa = PBXSourcesBuildPhase;
			buildActionMask = 2147483647;
			files = (
				2750C3DC1C58CF0B006ADC07 /* Virtual_TouristTests.swift in Sources */,
			);
			runOnlyForDeploymentPostprocessing = 0;
		};
		2750C3DE1C58CF0B006ADC07 /* Sources */ = {
			isa = PBXSourcesBuildPhase;
			buildActionMask = 2147483647;
			files = (
				2750C3E71C58CF0B006ADC07 /* Virtual_TouristUITests.swift in Sources */,
			);
			runOnlyForDeploymentPostprocessing = 0;
		};
/* End PBXSourcesBuildPhase section */

/* Begin PBXTargetDependency section */
		2750C3D91C58CF0B006ADC07 /* PBXTargetDependency */ = {
			isa = PBXTargetDependency;
			target = 2750C3C21C58CF0A006ADC07 /* Virtual Tourist */;
			targetProxy = 2750C3D81C58CF0B006ADC07 /* PBXContainerItemProxy */;
		};
		2750C3E41C58CF0B006ADC07 /* PBXTargetDependency */ = {
			isa = PBXTargetDependency;
			target = 2750C3C21C58CF0A006ADC07 /* Virtual Tourist */;
			targetProxy = 2750C3E31C58CF0B006ADC07 /* PBXContainerItemProxy */;
		};
/* End PBXTargetDependency section */

/* Begin PBXVariantGroup section */
		2750C3CA1C58CF0A006ADC07 /* Main.storyboard */ = {
			isa = PBXVariantGroup;
			children = (
				2750C3CB1C58CF0A006ADC07 /* Base */,
			);
			name = Main.storyboard;
			sourceTree = "<group>";
		};
		2750C3CF1C58CF0B006ADC07 /* LaunchScreen.storyboard */ = {
			isa = PBXVariantGroup;
			children = (
				2750C3D01C58CF0B006ADC07 /* Base */,
			);
			name = LaunchScreen.storyboard;
			sourceTree = "<group>";
		};
/* End PBXVariantGroup section */

/* Begin XCBuildConfiguration section */
		2750C3E91C58CF0B006ADC07 /* Debug */ = {
			isa = XCBuildConfiguration;
			buildSettings = {
				ALWAYS_SEARCH_USER_PATHS = NO;
				CLANG_CXX_LANGUAGE_STANDARD = "gnu++0x";
				CLANG_CXX_LIBRARY = "libc++";
				CLANG_ENABLE_MODULES = YES;
				CLANG_ENABLE_OBJC_ARC = YES;
				CLANG_WARN_BOOL_CONVERSION = YES;
				CLANG_WARN_CONSTANT_CONVERSION = YES;
				CLANG_WARN_DIRECT_OBJC_ISA_USAGE = YES_ERROR;
				CLANG_WARN_EMPTY_BODY = YES;
				CLANG_WARN_ENUM_CONVERSION = YES;
				CLANG_WARN_INT_CONVERSION = YES;
				CLANG_WARN_OBJC_ROOT_CLASS = YES_ERROR;
				CLANG_WARN_UNREACHABLE_CODE = YES;
				CLANG_WARN__DUPLICATE_METHOD_MATCH = YES;
				"CODE_SIGN_IDENTITY[sdk=iphoneos*]" = "iPhone Developer";
				COPY_PHASE_STRIP = NO;
				DEBUG_INFORMATION_FORMAT = dwarf;
				ENABLE_STRICT_OBJC_MSGSEND = YES;
				ENABLE_TESTABILITY = YES;
				GCC_C_LANGUAGE_STANDARD = gnu99;
				GCC_DYNAMIC_NO_PIC = NO;
				GCC_NO_COMMON_BLOCKS = YES;
				GCC_OPTIMIZATION_LEVEL = 0;
				GCC_PREPROCESSOR_DEFINITIONS = (
					"DEBUG=1",
					"$(inherited)",
				);
				GCC_WARN_64_TO_32_BIT_CONVERSION = YES;
				GCC_WARN_ABOUT_RETURN_TYPE = YES_ERROR;
				GCC_WARN_UNDECLARED_SELECTOR = YES;
				GCC_WARN_UNINITIALIZED_AUTOS = YES_AGGRESSIVE;
				GCC_WARN_UNUSED_FUNCTION = YES;
				GCC_WARN_UNUSED_VARIABLE = YES;
				IPHONEOS_DEPLOYMENT_TARGET = 9.2;
				MTL_ENABLE_DEBUG_INFO = YES;
				ONLY_ACTIVE_ARCH = YES;
				SDKROOT = iphoneos;
				SWIFT_OPTIMIZATION_LEVEL = "-Onone";
			};
			name = Debug;
		};
		2750C3EA1C58CF0B006ADC07 /* Release */ = {
			isa = XCBuildConfiguration;
			buildSettings = {
				ALWAYS_SEARCH_USER_PATHS = NO;
				CLANG_CXX_LANGUAGE_STANDARD = "gnu++0x";
				CLANG_CXX_LIBRARY = "libc++";
				CLANG_ENABLE_MODULES = YES;
				CLANG_ENABLE_OBJC_ARC = YES;
				CLANG_WARN_BOOL_CONVERSION = YES;
				CLANG_WARN_CONSTANT_CONVERSION = YES;
				CLANG_WARN_DIRECT_OBJC_ISA_USAGE = YES_ERROR;
				CLANG_WARN_EMPTY_BODY = YES;
				CLANG_WARN_ENUM_CONVERSION = YES;
				CLANG_WARN_INT_CONVERSION = YES;
				CLANG_WARN_OBJC_ROOT_CLASS = YES_ERROR;
				CLANG_WARN_UNREACHABLE_CODE = YES;
				CLANG_WARN__DUPLICATE_METHOD_MATCH = YES;
				"CODE_SIGN_IDENTITY[sdk=iphoneos*]" = "iPhone Developer";
				COPY_PHASE_STRIP = NO;
				DEBUG_INFORMATION_FORMAT = "dwarf-with-dsym";
				ENABLE_NS_ASSERTIONS = NO;
				ENABLE_STRICT_OBJC_MSGSEND = YES;
				GCC_C_LANGUAGE_STANDARD = gnu99;
				GCC_NO_COMMON_BLOCKS = YES;
				GCC_WARN_64_TO_32_BIT_CONVERSION = YES;
				GCC_WARN_ABOUT_RETURN_TYPE = YES_ERROR;
				GCC_WARN_UNDECLARED_SELECTOR = YES;
				GCC_WARN_UNINITIALIZED_AUTOS = YES_AGGRESSIVE;
				GCC_WARN_UNUSED_FUNCTION = YES;
				GCC_WARN_UNUSED_VARIABLE = YES;
				IPHONEOS_DEPLOYMENT_TARGET = 9.2;
				MTL_ENABLE_DEBUG_INFO = NO;
				SDKROOT = iphoneos;
				VALIDATE_PRODUCT = YES;
			};
			name = Release;
		};
		2750C3EC1C58CF0B006ADC07 /* Debug */ = {
			isa = XCBuildConfiguration;
			buildSettings = {
				ASSETCATALOG_COMPILER_APPICON_NAME = AppIcon;
				INFOPLIST_FILE = "Virtual Tourist/Info.plist";
				LD_RUNPATH_SEARCH_PATHS = "$(inherited) @executable_path/Frameworks";
				PRODUCT_BUNDLE_IDENTIFIER = "com.Weng.Virtual-Tourist";
				PRODUCT_NAME = "$(TARGET_NAME)";
			};
			name = Debug;
		};
		2750C3ED1C58CF0B006ADC07 /* Release */ = {
			isa = XCBuildConfiguration;
			buildSettings = {
				ASSETCATALOG_COMPILER_APPICON_NAME = AppIcon;
				INFOPLIST_FILE = "Virtual Tourist/Info.plist";
				LD_RUNPATH_SEARCH_PATHS = "$(inherited) @executable_path/Frameworks";
				PRODUCT_BUNDLE_IDENTIFIER = "com.Weng.Virtual-Tourist";
				PRODUCT_NAME = "$(TARGET_NAME)";
			};
			name = Release;
		};
		2750C3EF1C58CF0B006ADC07 /* Debug */ = {
			isa = XCBuildConfiguration;
			buildSettings = {
				BUNDLE_LOADER = "$(TEST_HOST)";
				INFOPLIST_FILE = "Virtual TouristTests/Info.plist";
				LD_RUNPATH_SEARCH_PATHS = "$(inherited) @executable_path/Frameworks @loader_path/Frameworks";
				PRODUCT_BUNDLE_IDENTIFIER = "com.Weng.Virtual-TouristTests";
				PRODUCT_NAME = "$(TARGET_NAME)";
				TEST_HOST = "$(BUILT_PRODUCTS_DIR)/Virtual Tourist.app/Virtual Tourist";
			};
			name = Debug;
		};
		2750C3F01C58CF0B006ADC07 /* Release */ = {
			isa = XCBuildConfiguration;
			buildSettings = {
				BUNDLE_LOADER = "$(TEST_HOST)";
				INFOPLIST_FILE = "Virtual TouristTests/Info.plist";
				LD_RUNPATH_SEARCH_PATHS = "$(inherited) @executable_path/Frameworks @loader_path/Frameworks";
				PRODUCT_BUNDLE_IDENTIFIER = "com.Weng.Virtual-TouristTests";
				PRODUCT_NAME = "$(TARGET_NAME)";
				TEST_HOST = "$(BUILT_PRODUCTS_DIR)/Virtual Tourist.app/Virtual Tourist";
			};
			name = Release;
		};
		2750C3F21C58CF0B006ADC07 /* Debug */ = {
			isa = XCBuildConfiguration;
			buildSettings = {
				INFOPLIST_FILE = "Virtual TouristUITests/Info.plist";
				LD_RUNPATH_SEARCH_PATHS = "$(inherited) @executable_path/Frameworks @loader_path/Frameworks";
				PRODUCT_BUNDLE_IDENTIFIER = "com.Weng.Virtual-TouristUITests";
				PRODUCT_NAME = "$(TARGET_NAME)";
				TEST_TARGET_NAME = "Virtual Tourist";
				USES_XCTRUNNER = YES;
			};
			name = Debug;
		};
		2750C3F31C58CF0B006ADC07 /* Release */ = {
			isa = XCBuildConfiguration;
			buildSettings = {
				INFOPLIST_FILE = "Virtual TouristUITests/Info.plist";
				LD_RUNPATH_SEARCH_PATHS = "$(inherited) @executable_path/Frameworks @loader_path/Frameworks";
				PRODUCT_BUNDLE_IDENTIFIER = "com.Weng.Virtual-TouristUITests";
				PRODUCT_NAME = "$(TARGET_NAME)";
				TEST_TARGET_NAME = "Virtual Tourist";
				USES_XCTRUNNER = YES;
			};
			name = Release;
		};
/* End XCBuildConfiguration section */

/* Begin XCConfigurationList section */
		2750C3BE1C58CF0A006ADC07 /* Build configuration list for PBXProject "Virtual Tourist" */ = {
			isa = XCConfigurationList;
			buildConfigurations = (
				2750C3E91C58CF0B006ADC07 /* Debug */,
				2750C3EA1C58CF0B006ADC07 /* Release */,
			);
			defaultConfigurationIsVisible = 0;
			defaultConfigurationName = Release;
		};
		2750C3EB1C58CF0B006ADC07 /* Build configuration list for PBXNativeTarget "Virtual Tourist" */ = {
			isa = XCConfigurationList;
			buildConfigurations = (
				2750C3EC1C58CF0B006ADC07 /* Debug */,
				2750C3ED1C58CF0B006ADC07 /* Release */,
			);
			defaultConfigurationIsVisible = 0;
			defaultConfigurationName = Release;
		};
		2750C3EE1C58CF0B006ADC07 /* Build configuration list for PBXNativeTarget "Virtual TouristTests" */ = {
			isa = XCConfigurationList;
			buildConfigurations = (
				2750C3EF1C58CF0B006ADC07 /* Debug */,
				2750C3F01C58CF0B006ADC07 /* Release */,
			);
			defaultConfigurationIsVisible = 0;
			defaultConfigurationName = Release;
		};
		2750C3F11C58CF0B006ADC07 /* Build configuration list for PBXNativeTarget "Virtual TouristUITests" */ = {
			isa = XCConfigurationList;
			buildConfigurations = (
				2750C3F21C58CF0B006ADC07 /* Debug */,
				2750C3F31C58CF0B006ADC07 /* Release */,
			);
			defaultConfigurationIsVisible = 0;
			defaultConfigurationName = Release;
		};
/* End XCConfigurationList section */

/* Begin XCVersionGroup section */
		2750C3FA1C58DDAC006ADC07 /* Model.xcdatamodeld */ = {
			isa = XCVersionGroup;
			children = (
				2750C3FB1C58DDAC006ADC07 /* Model.xcdatamodel */,
			);
			currentVersion = 2750C3FB1C58DDAC006ADC07 /* Model.xcdatamodel */;
			path = Model.xcdatamodeld;
			sourceTree = "<group>";
			versionGroupType = wrapper.xcdatamodel;
		};
/* End XCVersionGroup section */
	};
	rootObject = 2750C3BB1C58CF0A006ADC07 /* Project object */;
}
